
Microsoft Visual Studio Solution File, Format Version 12.00
# Visual Studio Version 17
VisualStudioVersion = 17.11.35312.102
MinimumVisualStudioVersion = 10.0.40219.1
Project("{FAE04EC0-301F-11D3-BF4B-00C04F79EFBC}") = "Lesson1", "Lesson1\Lesson1.csproj", "{539A9671-67DE-4B59-96FC-1AECA5A98894}"
EndProject
Global
	GlobalSection(SolutionConfigurationPlatforms) = preSolution
		Debug|Any CPU = Debug|Any CPU
		Release|Any CPU = Release|Any CPU
	EndGlobalSection
	GlobalSection(ProjectConfigurationPlatforms) = postSolution
		{539A9671-67DE-4B59-96FC-1AECA5A98894}.Debug|Any CPU.ActiveCfg = Debug|Any CPU
		{539A9671-67DE-4B59-96FC-1AECA5A98894}.Debug|Any CPU.Build.0 = Debug|Any CPU
		{539A9671-67DE-4B59-96FC-1AECA5A98894}.Release|Any CPU.ActiveCfg = Release|Any CPU
		{539A9671-67DE-4B59-96FC-1AECA5A98894}.Release|Any CPU.Build.0 = Release|Any CPU
	EndGlobalSection
	GlobalSection(SolutionProperties) = preSolution
		HideSolutionNode = FALSE
	EndGlobalSection
	GlobalSection(ExtensibilityGlobals) = postSolution
		SolutionGuid = {D3511FD6-C9D3-4638-BF0E-6ACCDA4F83AE}
	EndGlobalSection
EndGlobal
